
Microsoft Visual Studio Solution File, Format Version 12.00
# Visual Studio Version 17
VisualStudioVersion = 17.10.35013.160
MinimumVisualStudioVersion = 10.0.40219.1
Project("{FAE04EC0-301F-11D3-BF4B-00C04F79EFBC}") = "BurgerRestaurantManagement", "BurgerRestaurantManagement.csproj", "{BCDC05CD-E60C-49B9-B866-C5C33DC8C1DF}"
EndProject
Global
	GlobalSection(SolutionConfigurationPlatforms) = preSolution
		Debug|Any CPU = Debug|Any CPU
		Release|Any CPU = Release|Any CPU
	EndGlobalSection
	GlobalSection(ProjectConfigurationPlatforms) = postSolution
		{BCDC05CD-E60C-49B9-B866-C5C33DC8C1DF}.Debug|Any CPU.ActiveCfg = Debug|Any CPU
		{BCDC05CD-E60C-49B9-B866-C5C33DC8C1DF}.Debug|Any CPU.Build.0 = Debug|Any CPU
		{BCDC05CD-E60C-49B9-B866-C5C33DC8C1DF}.Release|Any CPU.ActiveCfg = Release|Any CPU
		{BCDC05CD-E60C-49B9-B866-C5C33DC8C1DF}.Release|Any CPU.Build.0 = Release|Any CPU
	EndGlobalSection
	GlobalSection(SolutionProperties) = preSolution
		HideSolutionNode = FALSE
	EndGlobalSection
	GlobalSection(ExtensibilityGlobals) = postSolution
		SolutionGuid = {F70DB76E-4264-4FE8-A1DB-500137471113}
	EndGlobalSection
EndGlobal
